
Microsoft Visual Studio Solution File, Format Version 12.00
# Visual Studio Version 18
VisualStudioVersion = 18.4.11605.240 stable
MinimumVisualStudioVersion = 10.0.40219.1
Project("{FAE04EC0-301F-11D3-BF4B-00C04F79EFBC}") = "MultichoiceReconPortal", "MultichoiceReconPortal\MultichoiceReconPortal.csproj", "{19A11356-8F96-4DDD-B20D-A888A3D7CC6A}"
EndProject
Project("{FAE04EC0-301F-11D3-BF4B-00C04F79EFBC}") = "ClassLibrary", "ClassLibrary\ClassLibrary.csproj", "{2CF2B8BB-BBD1-4862-A96B-E7E8D120CA61}"
EndProject
Global
	GlobalSection(SolutionConfigurationPlatforms) = preSolution
		Debug|Any CPU = Debug|Any CPU
		Release|Any CPU = Release|Any CPU
	EndGlobalSection
	GlobalSection(ProjectConfigurationPlatforms) = postSolution
		{19A11356-8F96-4DDD-B20D-A888A3D7CC6A}.Debug|Any CPU.ActiveCfg = Debug|Any CPU
		{19A11356-8F96-4DDD-B20D-A888A3D7CC6A}.Debug|Any CPU.Build.0 = Debug|Any CPU
		{19A11356-8F96-4DDD-B20D-A888A3D7CC6A}.Release|Any CPU.ActiveCfg = Release|Any CPU
		{19A11356-8F96-4DDD-B20D-A888A3D7CC6A}.Release|Any CPU.Build.0 = Release|Any CPU
		{2CF2B8BB-BBD1-4862-A96B-E7E8D120CA61}.Debug|Any CPU.ActiveCfg = Debug|Any CPU
		{2CF2B8BB-BBD1-4862-A96B-E7E8D120CA61}.Debug|Any CPU.Build.0 = Debug|Any CPU
		{2CF2B8BB-BBD1-4862-A96B-E7E8D120CA61}.Release|Any CPU.ActiveCfg = Release|Any CPU
		{2CF2B8BB-BBD1-4862-A96B-E7E8D120CA61}.Release|Any CPU.Build.0 = Release|Any CPU
	EndGlobalSection
	GlobalSection(SolutionProperties) = preSolution
		HideSolutionNode = FALSE
	EndGlobalSection
	GlobalSection(ExtensibilityGlobals) = postSolution
		SolutionGuid = {69E01956-5D0A-45B1-8CB7-56B192D2279C}
	EndGlobalSection
EndGlobal
